# This file is automatically @generated by Cargo.
# It is not intended for manual editing.
[[package]]
name = "aarch64"
version = "0.1.0"
dependencies = [
 "arch",
 "base",
 "data_model",
 "devices",
 "hypervisor",
 "kernel_cmdline",
 "kvm",
 "kvm_sys",
 "libc",
 "minijail",
 "remain",
 "resources",
 "sync",
 "vm_control",
 "vm_memory",
]

[[package]]
name = "acpi_tables"
version = "0.1.0"
dependencies = [
 "data_model",
 "tempfile 3.0.7",
]

[[package]]
name = "android_log-sys"
version = "0.2.0"
source = "registry+https://github.com/rust-lang/crates.io-index"
checksum = "85965b6739a430150bdd138e2374a98af0c3ee0d030b3bb7fc3bddff58d0102e"

[[package]]
name = "anyhow"
version = "1.0.40"
source = "registry+https://github.com/rust-lang/crates.io-index"
checksum = "28b2cd92db5cbd74e8e5028f7e27dd7aa3090e89e4f2a197cc7c8dfb69c7063b"

[[package]]
name = "arch"
version = "0.1.0"
dependencies = [
 "acpi_tables",
 "base",
 "devices",
 "gdbstub",
 "hypervisor",
 "kernel_cmdline",
 "libc",
 "minijail",
 "power_monitor",
 "resources",
 "sync",
 "thiserror",
 "vm_control",
 "vm_memory",
]

[[package]]
name = "assertions"
version = "0.1.0"

[[package]]
name = "async-task"
version = "4.0.3"
source = "registry+https://github.com/rust-lang/crates.io-index"
checksum = "e91831deabf0d6d7ec49552e489aed63b7456a7a3c46cff62adad428110b0af0"

[[package]]
name = "async-trait"
version = "0.1.50"
source = "registry+https://github.com/rust-lang/crates.io-index"
checksum = "0b98e84bbb4cbcdd97da190ba0c58a1bb0de2c1fdf67d159e192ed766aeca722"
dependencies = [
 "proc-macro2",
 "quote",
 "syn",
]

[[package]]
name = "audio_streams"
version = "0.1.0"
dependencies = [
 "sync",
 "sys_util",
]

[[package]]
name = "autocfg"
version = "0.1.7"
source = "registry+https://github.com/rust-lang/crates.io-index"
checksum = "1d49d90015b3c36167a20fe2810c5cd875ad504b39cff3d4eae7977e6b7c1cb2"

[[package]]
name = "autocfg"
version = "1.0.1"
source = "registry+https://github.com/rust-lang/crates.io-index"
checksum = "cdb031dd78e28731d87d56cc8ffef4a8f36ca26c38fe2de700543e627f8a464a"

[[package]]
name = "base"
version = "0.1.0"
dependencies = [
 "cros_async",
 "data_model",
 "libc",
 "serde",
 "serde_json",
 "smallvec",
 "sync",
 "sys_util",
 "thiserror",
]

[[package]]
name = "bit_field"
version = "0.1.0"
dependencies = [
 "bit_field_derive",
]

[[package]]
name = "bit_field_derive"
version = "0.1.0"
dependencies = [
 "proc-macro2",
 "quote",
 "syn",
]

[[package]]
name = "bitflags"
version = "1.2.1"
source = "registry+https://github.com/rust-lang/crates.io-index"
checksum = "cf1de2fe8c75bc145a2f577add951f8134889b4795d47466a54a5c846d691693"

[[package]]
name = "cc"
version = "1.0.25"
source = "registry+https://github.com/rust-lang/crates.io-index"
checksum = "f159dfd43363c4d08055a07703eb7a3406b0dac4d0584d96965a3262db3c9d16"

[[package]]
name = "cfg-if"
version = "0.1.10"
source = "registry+https://github.com/rust-lang/crates.io-index"
checksum = "4785bdd1c96b2a846b2bd7cc02e86b6b3dbf14e7e53446c4f54c92a361040822"

[[package]]
name = "cfg-if"
version = "1.0.0"
source = "registry+https://github.com/rust-lang/crates.io-index"
checksum = "baf1de4339761588bc0619e3cbc0120ee582ebb74b53b4efbf79117bd2da40fd"

[[package]]
name = "cloudabi"
version = "0.0.3"
source = "registry+https://github.com/rust-lang/crates.io-index"
checksum = "ddfc5b9aa5d4507acaf872de71051dfd0e309860e88966e1051e462a077aac4f"
dependencies = [
 "bitflags",
]

[[package]]
name = "cras-sys"
version = "0.1.0"
dependencies = [
 "audio_streams",
 "data_model",
]

[[package]]
name = "cros_async"
version = "0.1.0"
dependencies = [
 "async-task",
 "async-trait",
 "data_model",
 "futures",
 "intrusive-collections",
 "io_uring",
 "libc",
 "paste",
 "pin-utils",
 "slab",
 "sync",
 "sys_util",
 "thiserror",
]

[[package]]
name = "cros_fuzz"
version = "0.1.0"
dependencies = [
 "rand_core 0.4.2",
]

[[package]]
name = "crosvm"
version = "0.1.0"
dependencies = [
 "aarch64",
 "acpi_tables",
 "arch",
 "assertions",
 "audio_streams",
 "base",
 "bit_field",
 "crosvm_plugin",
 "data_model",
 "devices",
 "disk",
 "enumn",
 "gdbstub",
 "hypervisor",
 "kernel_cmdline",
 "kernel_loader",
 "kvm",
 "kvm_sys",
 "libc",
 "libcras",
 "minijail",
 "net_util",
 "p9",
 "protobuf",
 "protos",
 "rand_ish",
 "remain",
 "resources",
 "rutabaga_gfx",
 "sync",
 "tempfile 3.2.0",
 "thiserror",
 "vhost",
 "vhost_user_devices",
 "vm_control",
 "vm_memory",
 "x86_64",
]

[[package]]
name = "crosvm-fuzz"
version = "0.0.1"
dependencies = [
 "base",
 "cros_fuzz",
 "data_model",
 "devices",
 "disk",
 "fuse",
 "kernel_loader",
 "libc",
 "rand 0.6.5",
 "tempfile 3.0.7",
 "usb_util",
 "vm_memory",
]

[[package]]
name = "crosvm_plugin"
version = "0.17.0"
dependencies = [
 "base",
 "kvm",
 "kvm_sys",
 "libc",
 "protobuf",
 "protos",
]

[[package]]
name = "data_model"
version = "0.1.0"
dependencies = [
 "assertions",
 "libc",
 "serde",
]

[[package]]
name = "dbus"
version = "0.6.5"
source = "registry+https://github.com/rust-lang/crates.io-index"
checksum = "48b5f0f36f1eebe901b0e6bee369a77ed3396334bf3f09abd46454a576f71819"
dependencies = [
 "libc",
 "libdbus-sys",
]

[[package]]
name = "devices"
version = "0.1.0"
dependencies = [
 "acpi_tables",
 "audio_streams",
 "base",
 "bit_field",
 "cros_async",
 "data_model",
 "disk",
 "enumn",
 "fuse",
 "futures",
 "gpu_display",
 "hypervisor",
 "kvm_sys",
 "libc",
 "libcras",
 "libvda",
 "linux_input_sys",
 "minijail",
 "net_sys",
 "net_util",
 "p9",
 "power_monitor",
 "protos",
 "rand_ish",
 "remain",
 "resources",
 "rutabaga_gfx",
 "serde",
 "smallvec",
 "sync",
 "sys_util",
 "tempfile 3.0.7",
 "thiserror",
 "tpm2",
 "usb_util",
 "vfio_sys",
 "vhost",
 "virtio_sys",
 "vm_control",
 "vm_memory",
 "vmm_vhost",
]

[[package]]
name = "disk"
version = "0.1.0"
dependencies = [
 "async-trait",
 "base",
 "cros_async",
 "data_model",
 "futures",
 "libc",
 "protobuf",
 "protos",
 "remain",
 "tempfile 3.2.0",
 "vm_memory",
]

[[package]]
name = "downcast-rs"
version = "1.2.0"
source = "registry+https://github.com/rust-lang/crates.io-index"
checksum = "9ea835d29036a4087793836fa931b08837ad5e957da9e23886b29586fb9b6650"

[[package]]
name = "either"
version = "1.6.1"
source = "registry+https://github.com/rust-lang/crates.io-index"
checksum = "e78d4f1cc4ae33bbfc157ed5d5a5ef3bc29227303d595861deb238fcec4e9457"

[[package]]
name = "enumn"
version = "0.1.0"
dependencies = [
 "proc-macro2",
 "quote",
 "syn",
]

[[package]]
name = "fuchsia-cprng"
version = "0.1.1"
source = "registry+https://github.com/rust-lang/crates.io-index"
checksum = "a06f77d526c1a601b7c4cdd98f54b5eaabffc14d5f2f0296febdc7f357c6d3ba"

[[package]]
name = "fuse"
version = "0.1.0"
dependencies = [
 "base",
 "bitflags",
 "data_model",
 "enumn",
 "libc",
 "thiserror",
]

[[package]]
name = "futures"
version = "0.3.15"
source = "registry+https://github.com/rust-lang/crates.io-index"
checksum = "0e7e43a803dae2fa37c1f6a8fe121e1f7bf9548b4dfc0522a42f34145dadfc27"
dependencies = [
 "futures-channel",
 "futures-core",
 "futures-io",
 "futures-sink",
 "futures-task",
 "futures-util",
]

[[package]]
name = "futures-channel"
version = "0.3.15"
source = "registry+https://github.com/rust-lang/crates.io-index"
checksum = "e682a68b29a882df0545c143dc3646daefe80ba479bcdede94d5a703de2871e2"
dependencies = [
 "futures-core",
 "futures-sink",
]

[[package]]
name = "futures-core"
version = "0.3.15"
source = "registry+https://github.com/rust-lang/crates.io-index"
checksum = "0402f765d8a89a26043b889b26ce3c4679d268fa6bb22cd7c6aad98340e179d1"

[[package]]
name = "futures-io"
version = "0.3.15"
source = "registry+https://github.com/rust-lang/crates.io-index"
checksum = "acc499defb3b348f8d8f3f66415835a9131856ff7714bf10dadfc4ec4bdb29a1"

[[package]]
name = "futures-sink"
version = "0.3.15"
source = "registry+https://github.com/rust-lang/crates.io-index"
checksum = "a57bead0ceff0d6dde8f465ecd96c9338121bb7717d3e7b108059531870c4282"

[[package]]
name = "futures-task"
version = "0.3.15"
source = "registry+https://github.com/rust-lang/crates.io-index"
checksum = "8a16bef9fc1a4dddb5bee51c989e3fbba26569cbb0e31f5b303c184e3dd33dae"

[[package]]
name = "futures-util"
version = "0.3.15"
source = "registry+https://github.com/rust-lang/crates.io-index"
checksum = "feb5c238d27e2bf94ffdfd27b2c29e3df4a68c4193bb6427384259e2bf191967"
dependencies = [
 "autocfg 1.0.1",
 "futures-channel",
 "futures-core",
 "futures-io",
 "futures-sink",
 "futures-task",
 "memchr",
 "pin-project-lite",
 "pin-utils",
 "slab",
]

[[package]]
name = "gdbstub"
version = "0.4.5"
source = "registry+https://github.com/rust-lang/crates.io-index"
checksum = "d79a8fc10e9c4a4009deacc1d1e632cc2860c63c5169abc737f838e07534ab1a"
dependencies = [
 "cfg-if 0.1.10",
 "log",
 "managed",
 "num-traits",
 "paste",
]

[[package]]
name = "getopts"
version = "0.2.21"
source = "registry+https://github.com/rust-lang/crates.io-index"
checksum = "14dbbfd5c71d70241ecf9e6f13737f7b5ce823821063188d7e46c41d371eebd5"
dependencies = [
 "unicode-width",
]

[[package]]
name = "getrandom"
version = "0.2.3"
source = "registry+https://github.com/rust-lang/crates.io-index"
checksum = "7fcd999463524c52659517fe2cea98493cfe485d10565e7b0fb07dbba7ad2753"
dependencies = [
 "cfg-if 1.0.0",
 "libc",
 "wasi",
]

[[package]]
name = "gpu_display"
version = "0.1.0"
dependencies = [
 "base",
 "cc",
 "data_model",
 "libc",
 "linux_input_sys",
]

[[package]]
name = "hermit-abi"
version = "0.1.18"
source = "registry+https://github.com/rust-lang/crates.io-index"
checksum = "322f4de77956e22ed0e5032c359a0f1273f1f7f0d79bfa3b8ffbc730d7fbcc5c"
dependencies = [
 "libc",
]

[[package]]
name = "hypervisor"
version = "0.1.0"
dependencies = [
 "base",
 "bit_field",
 "data_model",
 "downcast-rs",
 "enumn",
 "kvm",
 "kvm_sys",
 "libc",
 "serde",
 "sync",
 "vm_memory",
]

[[package]]
name = "integration_tests"
version = "0.1.0"
dependencies = [
 "anyhow",
 "arch",
 "base",
 "crosvm",
 "libc",
 "tempfile 3.0.7",
]

[[package]]
name = "intrusive-collections"
version = "0.9.1"
source = "registry+https://github.com/rust-lang/crates.io-index"
checksum = "3c1d0072a5e5c56adba35b9001f029ccc46f0e9ad0c7bcecd9b2f33b37123bca"
dependencies = [
 "memoffset",
]

[[package]]
name = "io_uring"
version = "0.1.0"
dependencies = [
 "data_model",
 "libc",
 "sync",
 "sys_util",
]

[[package]]
name = "itoa"
version = "0.4.7"
source = "registry+https://github.com/rust-lang/crates.io-index"
checksum = "dd25036021b0de88a0aff6b850051563c6516d0bf53f8638938edbb9de732736"

[[package]]
name = "kernel_cmdline"
version = "0.1.0"
dependencies = [
 "libc",
]

[[package]]
name = "kernel_loader"
version = "0.1.0"
dependencies = [
 "base",
 "libc",
 "tempfile 3.2.0",
 "vm_memory",
]

[[package]]
name = "kvm"
version = "0.1.0"
dependencies = [
 "base",
 "data_model",
 "kvm_sys",
 "libc",
 "sync",
 "vm_memory",
]

[[package]]
name = "kvm_sys"
version = "0.1.0"
dependencies = [
 "base",
 "data_model",
 "libc",
]

[[package]]
name = "libc"
version = "0.2.94"
source = "registry+https://github.com/rust-lang/crates.io-index"
checksum = "18794a8ad5b29321f790b55d93dfba91e125cb1a9edbd4f8e3150acc771c1a5e"

[[package]]
name = "libcras"
version = "0.1.0"
dependencies = [
 "audio_streams",
 "cras-sys",
 "data_model",
 "libc",
 "sys_util",
]

[[package]]
name = "libcrosvm_control"
version = "0.1.0"
dependencies = [
 "base",
 "libc",
 "vm_control",
]

[[package]]
name = "libdbus-sys"
version = "0.2.1"
source = "registry+https://github.com/rust-lang/crates.io-index"
checksum = "dc12a3bc971424edbbf7edaf6e5740483444db63aa8e23d3751ff12a30f306f0"
dependencies = [
 "pkg-config",
]

[[package]]
name = "libvda"
version = "0.1.0"
dependencies = [
 "enumn",
 "libc",
 "pkg-config",
]

[[package]]
name = "linux_input_sys"
version = "0.1.0"
dependencies = [
 "base",
 "data_model",
 "libc",
]

[[package]]
name = "log"
version = "0.4.14"
source = "registry+https://github.com/rust-lang/crates.io-index"
checksum = "51b9bbe6c47d51fc3e1a9b945965946b4c44142ab8792c50835a980d362c2710"
dependencies = [
 "cfg-if 1.0.0",
]

[[package]]
name = "managed"
version = "0.8.0"
source = "registry+https://github.com/rust-lang/crates.io-index"
checksum = "0ca88d725a0a943b096803bd34e73a4437208b6077654cc4ecb2947a5f91618d"

[[package]]
name = "memchr"
version = "2.4.0"
source = "registry+https://github.com/rust-lang/crates.io-index"
checksum = "b16bd47d9e329435e309c58469fe0791c2d0d1ba96ec0954152a5ae2b04387dc"

[[package]]
name = "memoffset"
version = "0.5.6"
source = "registry+https://github.com/rust-lang/crates.io-index"
checksum = "043175f069eda7b85febe4a74abbaeff828d9f8b448515d3151a14a3542811aa"
dependencies = [
 "autocfg 1.0.1",
]

[[package]]
name = "minijail"
version = "0.2.2"
dependencies = [
 "libc",
 "minijail-sys",
]

[[package]]
name = "minijail-sys"
version = "0.0.12"
dependencies = [
 "libc",
 "pkg-config",
]

[[package]]
name = "net_sys"
version = "0.1.0"
dependencies = [
 "base",
]

[[package]]
name = "net_util"
version = "0.1.0"
dependencies = [
 "base",
 "cros_async",
 "data_model",
 "libc",
 "net_sys",
 "thiserror",
]

[[package]]
name = "num-traits"
version = "0.2.14"
source = "registry+https://github.com/rust-lang/crates.io-index"
checksum = "9a64b1ec5cda2586e284722486d802acf1f7dbdc623e2bfc57e65ca1cd099290"
dependencies = [
 "autocfg 1.0.1",
]

[[package]]
name = "num_cpus"
version = "1.13.0"
source = "registry+https://github.com/rust-lang/crates.io-index"
checksum = "05499f3756671c15885fee9034446956fff3f243d6077b91e5767df161f766b3"
dependencies = [
 "hermit-abi",
 "libc",
]

[[package]]
name = "once_cell"
version = "1.7.2"
source = "registry+https://github.com/rust-lang/crates.io-index"
checksum = "af8b08b04175473088b46763e51ee54da5f9a164bc162f615b91bc179dbf15a3"

[[package]]
name = "p9"
version = "0.1.0"
dependencies = [
 "libc",
 "sys_util",
 "wire_format_derive",
]

[[package]]
name = "paste"
version = "1.0.5"
source = "registry+https://github.com/rust-lang/crates.io-index"
checksum = "acbf547ad0c65e31259204bd90935776d1c693cec2f4ff7abb7a1bbbd40dfe58"

[[package]]
name = "pin-project-lite"
version = "0.2.6"
source = "registry+https://github.com/rust-lang/crates.io-index"
checksum = "dc0e1f259c92177c30a4c9d177246edd0a3568b25756a977d0632cf8fa37e905"

[[package]]
name = "pin-utils"
version = "0.1.0"
source = "registry+https://github.com/rust-lang/crates.io-index"
checksum = "8b870d8c151b6f2fb93e84a13146138f05d02ed11c7e7c54f8826aaaf7c9f184"

[[package]]
name = "pkg-config"
version = "0.3.19"
source = "registry+https://github.com/rust-lang/crates.io-index"
checksum = "3831453b3449ceb48b6d9c7ad7c96d5ea673e9b470a1dc578c2ce6521230884c"

[[package]]
name = "poll_token_derive"
version = "0.1.0"
dependencies = [
 "proc-macro2",
 "quote",
 "syn",
]

[[package]]
name = "power_monitor"
version = "0.1.0"
dependencies = [
 "base",
 "dbus",
 "protobuf",
 "protoc-rust",
]

[[package]]
name = "ppv-lite86"
version = "0.2.10"
source = "registry+https://github.com/rust-lang/crates.io-index"
checksum = "ac74c624d6b2d21f425f752262f42188365d7b8ff1aff74c82e45136510a4857"

[[package]]
name = "proc-macro2"
version = "1.0.27"
source = "registry+https://github.com/rust-lang/crates.io-index"
checksum = "f0d8caf72986c1a598726adc988bb5984792ef84f5ee5aa50209145ee8077038"
dependencies = [
 "unicode-xid",
]

[[package]]
name = "protobuf"
version = "2.23.0"
source = "registry+https://github.com/rust-lang/crates.io-index"
checksum = "45604fc7a88158e7d514d8e22e14ac746081e7a70d7690074dd0029ee37458d6"

[[package]]
name = "protobuf-codegen"
version = "2.23.0"
source = "registry+https://github.com/rust-lang/crates.io-index"
checksum = "cb87f342b585958c1c086313dbc468dcac3edf5e90362111c26d7a58127ac095"
dependencies = [
 "protobuf",
]

[[package]]
name = "protoc"
version = "2.23.0"
source = "registry+https://github.com/rust-lang/crates.io-index"
checksum = "4677a99cc1f866078918c00773cbb46dd72eecad949a31981de5aad1ff9bcc8d"
dependencies = [
 "log",
 "which",
]

[[package]]
name = "protoc-rust"
version = "2.23.0"
source = "registry+https://github.com/rust-lang/crates.io-index"
checksum = "b35a8c288bd8b80ab9eb660b75de7b99be75ee1a0a3920f15b4924d38da43f6c"
dependencies = [
 "protobuf",
 "protobuf-codegen",
 "protoc",
 "tempfile 3.2.0",
]

[[package]]
name = "protos"
version = "0.1.0"
dependencies = [
 "kvm_sys",
 "protobuf",
 "protoc-rust",
]

[[package]]
name = "qcow_utils"
version = "0.1.0"
dependencies = [
 "base",
 "disk",
 "getopts",
 "libc",
]

[[package]]
name = "quote"
version = "1.0.9"
source = "registry+https://github.com/rust-lang/crates.io-index"
checksum = "c3d0b9745dc2debf507c8422de05d7226cc1f0644216dfdfead988f9b1ab32a7"
dependencies = [
 "proc-macro2",
]

[[package]]
name = "rand"
version = "0.6.5"
source = "registry+https://github.com/rust-lang/crates.io-index"
checksum = "6d71dacdc3c88c1fde3885a3be3fbab9f35724e6ce99467f7d9c5026132184ca"
dependencies = [
 "autocfg 0.1.7",
 "libc",
 "rand_chacha 0.1.1",
 "rand_core 0.4.2",
 "rand_hc 0.1.0",
 "rand_isaac",
 "rand_jitter",
 "rand_os",
 "rand_pcg",
 "rand_xorshift",
 "winapi",
]

[[package]]
name = "rand"
version = "0.8.3"
source = "registry+https://github.com/rust-lang/crates.io-index"
checksum = "0ef9e7e66b4468674bfcb0c81af8b7fa0bb154fa9f28eb840da5c447baeb8d7e"
dependencies = [
 "libc",
 "rand_chacha 0.3.0",
 "rand_core 0.6.2",
 "rand_hc 0.3.0",
]

[[package]]
name = "rand_chacha"
version = "0.1.1"
source = "registry+https://github.com/rust-lang/crates.io-index"
checksum = "556d3a1ca6600bfcbab7c7c91ccb085ac7fbbcd70e008a98742e7847f4f7bcef"
dependencies = [
 "autocfg 0.1.7",
 "rand_core 0.3.1",
]

[[package]]
name = "rand_chacha"
version = "0.3.0"
source = "registry+https://github.com/rust-lang/crates.io-index"
checksum = "e12735cf05c9e10bf21534da50a147b924d555dc7a547c42e6bb2d5b6017ae0d"
dependencies = [
 "ppv-lite86",
 "rand_core 0.6.2",
]

[[package]]
name = "rand_core"
version = "0.3.1"
source = "registry+https://github.com/rust-lang/crates.io-index"
checksum = "7a6fdeb83b075e8266dcc8762c22776f6877a63111121f5f8c7411e5be7eed4b"
dependencies = [
 "rand_core 0.4.2",
]

[[package]]
name = "rand_core"
version = "0.4.2"
source = "registry+https://github.com/rust-lang/crates.io-index"
checksum = "9c33a3c44ca05fa6f1807d8e6743f3824e8509beca625669633be0acbdf509dc"

[[package]]
name = "rand_core"
version = "0.6.2"
source = "registry+https://github.com/rust-lang/crates.io-index"
checksum = "34cf66eb183df1c5876e2dcf6b13d57340741e8dc255b48e40a26de954d06ae7"
dependencies = [
 "getrandom",
]

[[package]]
name = "rand_hc"
version = "0.1.0"
source = "registry+https://github.com/rust-lang/crates.io-index"
checksum = "7b40677c7be09ae76218dc623efbf7b18e34bced3f38883af07bb75630a21bc4"
dependencies = [
 "rand_core 0.3.1",
]

[[package]]
name = "rand_hc"
version = "0.3.0"
source = "registry+https://github.com/rust-lang/crates.io-index"
checksum = "3190ef7066a446f2e7f42e239d161e905420ccab01eb967c9eb27d21b2322a73"
dependencies = [
 "rand_core 0.6.2",
]

[[package]]
name = "rand_isaac"
version = "0.1.1"
source = "registry+https://github.com/rust-lang/crates.io-index"
checksum = "ded997c9d5f13925be2a6fd7e66bf1872597f759fd9dd93513dd7e92e5a5ee08"
dependencies = [
 "rand_core 0.3.1",
]

[[package]]
name = "rand_ish"
version = "0.1.0"

[[package]]
name = "rand_jitter"
version = "0.1.4"
source = "registry+https://github.com/rust-lang/crates.io-index"
checksum = "1166d5c91dc97b88d1decc3285bb0a99ed84b05cfd0bc2341bdf2d43fc41e39b"
dependencies = [
 "libc",
 "rand_core 0.4.2",
 "winapi",
]

[[package]]
name = "rand_os"
version = "0.1.3"
source = "registry+https://github.com/rust-lang/crates.io-index"
checksum = "7b75f676a1e053fc562eafbb47838d67c84801e38fc1ba459e8f180deabd5071"
dependencies = [
 "cloudabi",
 "fuchsia-cprng",
 "libc",
 "rand_core 0.4.2",
 "rdrand",
 "winapi",
]

[[package]]
name = "rand_pcg"
version = "0.1.2"
source = "registry+https://github.com/rust-lang/crates.io-index"
checksum = "abf9b09b01790cfe0364f52bf32995ea3c39f4d2dd011eac241d2914146d0b44"
dependencies = [
 "autocfg 0.1.7",
 "rand_core 0.4.2",
]

[[package]]
name = "rand_xorshift"
version = "0.1.1"
source = "registry+https://github.com/rust-lang/crates.io-index"
checksum = "cbf7e9e623549b0e21f6e97cf8ecf247c1a8fd2e8a992ae265314300b2455d5c"
dependencies = [
 "rand_core 0.3.1",
]

[[package]]
name = "rdrand"
version = "0.4.0"
source = "registry+https://github.com/rust-lang/crates.io-index"
checksum = "678054eb77286b51581ba43620cc911abf02758c91f93f479767aed0f90458b2"
dependencies = [
 "rand_core 0.3.1",
]

[[package]]
name = "redox_syscall"
version = "0.2.8"
source = "registry+https://github.com/rust-lang/crates.io-index"
checksum = "742739e41cd49414de871ea5e549afb7e2a3ac77b589bcbebe8c82fab37147fc"
dependencies = [
 "bitflags",
]

[[package]]
name = "remain"
version = "0.2.2"
source = "registry+https://github.com/rust-lang/crates.io-index"
checksum = "70ba1e78fa68412cb93ef642fd4d20b9a941be49ee9333875ebaf13112673ea7"
dependencies = [
 "proc-macro2",
 "quote",
 "syn",
]

[[package]]
name = "remove_dir_all"
version = "0.5.3"
source = "registry+https://github.com/rust-lang/crates.io-index"
checksum = "3acd125665422973a33ac9d3dd2df85edad0f4ae9b00dafb1a05e43a9f5ef8e7"
dependencies = [
 "winapi",
]

[[package]]
name = "resources"
version = "0.1.0"
dependencies = [
 "base",
 "libc",
 "serde",
]

[[package]]
name = "rutabaga_gfx"
version = "0.1.0"
dependencies = [
 "base",
 "data_model",
 "libc",
 "sync",
]

[[package]]
name = "ryu"
version = "1.0.5"
source = "registry+https://github.com/rust-lang/crates.io-index"
checksum = "71d301d4193d031abdd79ff7e3dd721168a9572ef3fe51a1517aba235bd8f86e"

[[package]]
name = "serde"
version = "1.0.126"
source = "registry+https://github.com/rust-lang/crates.io-index"
checksum = "ec7505abeacaec74ae4778d9d9328fe5a5d04253220a85c4ee022239fc996d03"
dependencies = [
 "serde_derive",
]

[[package]]
name = "serde_derive"
version = "1.0.126"
source = "registry+https://github.com/rust-lang/crates.io-index"
checksum = "963a7dbc9895aeac7ac90e74f34a5d5261828f79df35cbed41e10189d3804d43"
dependencies = [
 "proc-macro2",
 "quote",
 "syn",
]

[[package]]
name = "serde_json"
version = "1.0.64"
source = "registry+https://github.com/rust-lang/crates.io-index"
checksum = "799e97dc9fdae36a5c8b8f2cae9ce2ee9fdce2058c57a93e6099d919fd982f79"
dependencies = [
 "itoa",
 "ryu",
 "serde",
]

[[package]]
name = "slab"
version = "0.4.3"
source = "registry+https://github.com/rust-lang/crates.io-index"
checksum = "f173ac3d1a7e3b28003f40de0b5ce7fe2710f9b9dc3fc38664cebee46b3b6527"

[[package]]
name = "smallvec"
version = "1.6.1"
source = "registry+https://github.com/rust-lang/crates.io-index"
checksum = "fe0f37c9e8f3c5a4a66ad655a93c74daac4ad00c441533bf5c6e7990bb42604e"

[[package]]
name = "syn"
version = "1.0.72"
source = "registry+https://github.com/rust-lang/crates.io-index"
checksum = "a1e8cdbefb79a9a5a65e0db8b47b723ee907b7c7f8496c76a1770b5c310bab82"
dependencies = [
 "proc-macro2",
 "quote",
 "unicode-xid",
]

[[package]]
name = "sync"
version = "0.1.0"

[[package]]
name = "sys_util"
version = "0.1.0"
dependencies = [
 "android_log-sys",
 "data_model",
 "libc",
 "poll_token_derive",
 "serde",
 "serde_json",
 "sync",
 "tempfile 3.0.7",
 "thiserror",
]

[[package]]
name = "tempfile"
version = "3.0.7"
dependencies = [
 "libc",
]

[[package]]
name = "tempfile"
version = "3.2.0"
source = "registry+https://github.com/rust-lang/crates.io-index"
checksum = "dac1c663cfc93810f88aed9b8941d48cabf856a1b111c29a40439018d870eb22"
dependencies = [
 "cfg-if 1.0.0",
 "libc",
 "rand 0.8.3",
 "redox_syscall",
 "remove_dir_all",
 "winapi",
]

[[package]]
name = "thiserror"
version = "1.0.24"
source = "registry+https://github.com/rust-lang/crates.io-index"
checksum = "e0f4a65597094d4483ddaed134f409b2cb7c1beccf25201a9f73c719254fa98e"
dependencies = [
 "thiserror-impl",
]

[[package]]
name = "thiserror-impl"
version = "1.0.24"
source = "registry+https://github.com/rust-lang/crates.io-index"
checksum = "7765189610d8241a44529806d6fd1f2e0a08734313a35d5b3a556f92b381f3c0"
dependencies = [
 "proc-macro2",
 "quote",
 "syn",
]

[[package]]
name = "tpm2"
version = "0.1.0"
dependencies = [
 "tpm2-sys",
]

[[package]]
name = "tpm2-sys"
version = "0.1.0"
dependencies = [
 "num_cpus",
 "pkg-config",
]

[[package]]
name = "unicode-width"
version = "0.1.8"
source = "registry+https://github.com/rust-lang/crates.io-index"
checksum = "9337591893a19b88d8d87f2cec1e73fad5cdfd10e5a6f349f498ad6ea2ffb1e3"

[[package]]
name = "unicode-xid"
version = "0.2.2"
source = "registry+https://github.com/rust-lang/crates.io-index"
checksum = "8ccb82d61f80a663efe1f787a51b16b5a51e3314d6ac365b08639f52387b33f3"

[[package]]
name = "usb_sys"
version = "0.1.0"
dependencies = [
 "base",
]

[[package]]
name = "usb_util"
version = "0.1.0"
dependencies = [
 "assertions",
 "base",
 "data_model",
 "libc",
 "remain",
 "usb_sys",
]

[[package]]
name = "vfio_sys"
version = "0.1.0"
dependencies = [
 "base",
]

[[package]]
name = "vhost"
version = "0.1.0"
dependencies = [
 "assertions",
 "base",
 "libc",
 "net_util",
 "virtio_sys",
 "vm_memory",
]

[[package]]
name = "vhost_user_devices"
version = "0.1.0"
dependencies = [
 "anyhow",
 "base",
 "cros_async",
 "data_model",
 "devices",
 "futures",
 "getopts",
 "libc",
 "net_util",
 "once_cell",
 "remain",
 "sync",
 "tempfile 3.0.7",
 "thiserror",
 "virtio_sys",
 "vm_memory",
 "vmm_vhost",
]

[[package]]
name = "virtio_sys"
version = "0.1.0"
dependencies = [
 "base",
]

[[package]]
name = "vm_control"
version = "0.1.0"
dependencies = [
 "base",
 "data_model",
 "gdbstub",
 "hypervisor",
 "libc",
 "resources",
 "rutabaga_gfx",
 "serde",
 "sync",
 "vm_memory",
]

[[package]]
name = "vm_memory"
version = "0.1.0"
dependencies = [
 "base",
 "bitflags",
 "cros_async",
 "data_model",
 "libc",
]

[[package]]
name = "vmm_vhost"
version = "0.1.0"
dependencies = [
 "bitflags",
 "libc",
 "sys_util",
 "tempfile 3.0.7",
]

[[package]]
name = "wasi"
version = "0.10.2+wasi-snapshot-preview1"
source = "registry+https://github.com/rust-lang/crates.io-index"
checksum = "fd6fbd9a79829dd1ad0cc20627bf1ed606756a7f77edff7b66b7064f9cb327c6"

[[package]]
name = "which"
version = "4.1.0"
source = "registry+https://github.com/rust-lang/crates.io-index"
checksum = "b55551e42cbdf2ce2bedd2203d0cc08dba002c27510f86dab6d0ce304cba3dfe"
dependencies = [
 "either",
 "libc",
]

[[package]]
name = "winapi"
version = "0.3.9"
source = "registry+https://github.com/rust-lang/crates.io-index"
checksum = "5c839a674fcd7a98952e593242ea400abe93992746761e38641405d28b00f419"
dependencies = [
 "winapi-i686-pc-windows-gnu",
 "winapi-x86_64-pc-windows-gnu",
]

[[package]]
name = "winapi-i686-pc-windows-gnu"
version = "0.4.0"
source = "registry+https://github.com/rust-lang/crates.io-index"
checksum = "ac3b87c63620426dd9b991e5ce0329eff545bccbbb34f3be09ff6fb6ab51b7b6"

[[package]]
name = "winapi-x86_64-pc-windows-gnu"
version = "0.4.0"
source = "registry+https://github.com/rust-lang/crates.io-index"
checksum = "712e227841d057c1ee1cd2fb22fa7e5a5461ae8e48fa2ca79ec42cfc1931183f"

[[package]]
name = "wire_format_derive"
version = "0.1.0"
dependencies = [
 "proc-macro2",
 "quote",
 "syn",
]

[[package]]
name = "x86_64"
version = "0.1.0"
dependencies = [
 "acpi_tables",
 "arch",
 "assertions",
 "base",
 "data_model",
 "devices",
 "gdbstub",
 "hypervisor",
 "kernel_cmdline",
 "kernel_loader",
 "libc",
 "minijail",
 "remain",
 "resources",
 "sync",
 "vm_control",
 "vm_memory",
]
